
Microsoft Visual Studio Solution File, Format Version 12.00
# Visual Studio Version 17
VisualStudioVersion = 17.10.34928.147
MinimumVisualStudioVersion = 10.0.40219.1
Project("{FAE04EC0-301F-11D3-BF4B-00C04F79EFBC}") = "JokesWebApp", "JokesWebApp.csproj", "{D963BCCB-67DC-42A5-8A18-8D2C94A57FC8}"
EndProject
Global
	GlobalSection(SolutionConfigurationPlatforms) = preSolution
		Debug|Any CPU = Debug|Any CPU
		Release|Any CPU = Release|Any CPU
	EndGlobalSection
	GlobalSection(ProjectConfigurationPlatforms) = postSolution
		{D963BCCB-67DC-42A5-8A18-8D2C94A57FC8}.Debug|Any CPU.ActiveCfg = Debug|Any CPU
		{D963BCCB-67DC-42A5-8A18-8D2C94A57FC8}.Debug|Any CPU.Build.0 = Debug|Any CPU
		{D963BCCB-67DC-42A5-8A18-8D2C94A57FC8}.Release|Any CPU.ActiveCfg = Release|Any CPU
		{D963BCCB-67DC-42A5-8A18-8D2C94A57FC8}.Release|Any CPU.Build.0 = Release|Any CPU
	EndGlobalSection
	GlobalSection(SolutionProperties) = preSolution
		HideSolutionNode = FALSE
	EndGlobalSection
	GlobalSection(ExtensibilityGlobals) = postSolution
		SolutionGuid = {4E40C905-BBDC-4F82-ACBE-D643E34B49AB}
	EndGlobalSection
EndGlobal
